<?xml version="1.0" encoding="utf-8"?>
<Project ToolsVersion="17.0" xmlns="http://schemas.microsoft.com/developer/msbuild/2003">
  <ItemGroup>
    <CustomBuild Include="F:\cocos2\Prueba\proj.win32\CMakeFiles\bd0f60cbd893eba9c710fedb249ea561\SYNC_RESOURCE-Prueba.rule">
      <Filter>CMake Rules</Filter>
    </CustomBuild>
    <CustomBuild Include="F:\cocos2\Prueba\CMakeLists.txt" />
  </ItemGroup>
  <ItemGroup>
    <None Include="F:\cocos2\Prueba\proj.win32\CMakeFiles\SYNC_RESOURCE-Prueba" />
  </ItemGroup>
  <ItemGroup>
    <Filter Include="CMake Rules">
      <UniqueIdentifier>{236A0F63-CBAD-3584-9B0B-4859A3DF094A}</UniqueIdentifier>
    </Filter>
  </ItemGroup>
</Project>
